
Microsoft Visual Studio Solution File, Format Version 12.00
# Visual Studio Version 17
VisualStudioVersion = 17.0.31903.59
MinimumVisualStudioVersion = 10.0.40219.1
Project("{FAE04EC0-301F-11D3-BF4B-00C04F79EFBC}") = "Tetris", "Tetris\Tetris.csproj", "{1422BF3C-A9C0-426C-8ECA-6292409DCBB5}"
EndProject
Global
	GlobalSection(SolutionConfigurationPlatforms) = preSolution
		Debug|Any CPU = Debug|Any CPU
		Release|Any CPU = Release|Any CPU
	EndGlobalSection
	GlobalSection(ProjectConfigurationPlatforms) = postSolution
		{1422BF3C-A9C0-426C-8ECA-6292409DCBB5}.Debug|Any CPU.ActiveCfg = Debug|Any CPU
		{1422BF3C-A9C0-426C-8ECA-6292409DCBB5}.Debug|Any CPU.Build.0 = Debug|Any CPU
		{1422BF3C-A9C0-426C-8ECA-6292409DCBB5}.Release|Any CPU.ActiveCfg = Release|Any CPU
		{1422BF3C-A9C0-426C-8ECA-6292409DCBB5}.Release|Any CPU.Build.0 = Release|Any CPU
	EndGlobalSection
	GlobalSection(SolutionProperties) = preSolution
		HideSolutionNode = FALSE
	EndGlobalSection
	GlobalSection(ExtensibilityGlobals) = postSolution
		SolutionGuid = {759799BE-3D9F-41E0-ADBB-01D4AE9D4F36}
	EndGlobalSection
EndGlobal
